
Microsoft Visual Studio Solution File, Format Version 12.00
# Visual Studio 15
VisualStudioVersion = 15.0.26730.12
MinimumVisualStudioVersion = 10.0.40219.1
Project("{FAE04EC0-301F-11D3-BF4B-00C04F79EFBC}") = "WPFNotificationSample", "WPFNotificationSample\WPFNotificationSample.csproj", "{D5328697-74F2-4EA6-A630-3B848F2113D2}"
EndProject
Global
	GlobalSection(SolutionConfigurationPlatforms) = preSolution
		Debug|Any CPU = Debug|Any CPU
		Release|Any CPU = Release|Any CPU
	EndGlobalSection
	GlobalSection(ProjectConfigurationPlatforms) = postSolution
		{D5328697-74F2-4EA6-A630-3B848F2113D2}.Debug|Any CPU.ActiveCfg = Debug|Any CPU
		{D5328697-74F2-4EA6-A630-3B848F2113D2}.Debug|Any CPU.Build.0 = Debug|Any CPU
		{D5328697-74F2-4EA6-A630-3B848F2113D2}.Release|Any CPU.ActiveCfg = Release|Any CPU
		{D5328697-74F2-4EA6-A630-3B848F2113D2}.Release|Any CPU.Build.0 = Release|Any CPU
	EndGlobalSection
	GlobalSection(SolutionProperties) = preSolution
		HideSolutionNode = FALSE
	EndGlobalSection
	GlobalSection(ExtensibilityGlobals) = postSolution
		SolutionGuid = {E4DB7C26-3F0B-4E8E-9F17-9E898B7C77C3}
	EndGlobalSection
EndGlobal
